// !$*UTF8*$!
{
	archiveVersion = 1;
	classes = {
	};
	objectVersion = 56;
	objects = {

/* Begin PBXBuildFile section */
		490A5CF62B81A6FF0081B19B /* ComposableArchitecture in Frameworks */ = {isa = PBXBuildFile; productRef = 490A5CF52B81A6FF0081B19B /* ComposableArchitecture */; };
		4936C50E2B75747400E19DAF /* App in Frameworks */ = {isa = PBXBuildFile; productRef = 4936C50D2B75747400E19DAF /* App */; };
		4936C5102B75753900E19DAF /* ThriftShopperApp.swift in Sources */ = {isa = PBXBuildFile; fileRef = 4936C50F2B75753900E19DAF /* ThriftShopperApp.swift */; };
		494DB5352B753E5A009A9535 /* Assets.xcassets in Resources */ = {isa = PBXBuildFile; fileRef = 494DB5342B753E5A009A9535 /* Assets.xcassets */; };
		494DB5392B753E5A009A9535 /* Preview Assets.xcassets in Resources */ = {isa = PBXBuildFile; fileRef = 494DB5382B753E5A009A9535 /* Preview Assets.xcassets */; };
		495177EB2B7B263000CA1301 /* Tagged in Frameworks */ = {isa = PBXBuildFile; productRef = 495177EA2B7B263000CA1301 /* Tagged */; };
		495177ED2B7B263000CA1301 /* TaggedMoney in Frameworks */ = {isa = PBXBuildFile; productRef = 495177EC2B7B263000CA1301 /* TaggedMoney */; };
		495177EF2B7B263000CA1301 /* TaggedTime in Frameworks */ = {isa = PBXBuildFile; productRef = 495177EE2B7B263000CA1301 /* TaggedTime */; };
		498693BE2B7714B1001C7628 /* LaunchScreen.storyboard in Resources */ = {isa = PBXBuildFile; fileRef = 498693BD2B7714B1001C7628 /* LaunchScreen.storyboard */; };
/* End PBXBuildFile section */

/* Begin PBXFileReference section */
		4919AC3D2B757193009B8B6E /* ThriftShopper.entitlements */ = {isa = PBXFileReference; lastKnownFileType = text.plist.entitlements; path = ThriftShopper.entitlements; sourceTree = "<group>"; };
		4936C50F2B75753900E19DAF /* ThriftShopperApp.swift */ = {isa = PBXFileReference; lastKnownFileType = sourcecode.swift; path = ThriftShopperApp.swift; sourceTree = "<group>"; };
		494DB52D2B753E56009A9535 /* ThriftShopper.app */ = {isa = PBXFileReference; explicitFileType = wrapper.application; includeInIndex = 0; path = ThriftShopper.app; sourceTree = BUILT_PRODUCTS_DIR; };
		494DB5342B753E5A009A9535 /* Assets.xcassets */ = {isa = PBXFileReference; lastKnownFileType = folder.assetcatalog; path = Assets.xcassets; sourceTree = "<group>"; };
		494DB5382B753E5A009A9535 /* Preview Assets.xcassets */ = {isa = PBXFileReference; lastKnownFileType = folder.assetcatalog; path = "Preview Assets.xcassets"; sourceTree = "<group>"; };
		494DB53F2B75407E009A9535 /* shopper-ios-client */ = {isa = PBXFileReference; lastKnownFileType = wrapper; path = "shopper-ios-client"; sourceTree = "<group>"; };
		498693BD2B7714B1001C7628 /* LaunchScreen.storyboard */ = {isa = PBXFileReference; lastKnownFileType = file.storyboard; name = LaunchScreen.storyboard; path = ThriftShopper/LaunchScreen.storyboard; sourceTree = SOURCE_ROOT; };
/* End PBXFileReference section */

/* Begin PBXFrameworksBuildPhase section */
		494DB52A2B753E56009A9535 /* Frameworks */ = {
			isa = PBXFrameworksBuildPhase;
			buildActionMask = 2147483647;
			files = (
				490A5CF62B81A6FF0081B19B /* ComposableArchitecture in Frameworks */,
				495177EB2B7B263000CA1301 /* Tagged in Frameworks */,
				495177EF2B7B263000CA1301 /* TaggedTime in Frameworks */,
				4936C50E2B75747400E19DAF /* App in Frameworks */,
				495177ED2B7B263000CA1301 /* TaggedMoney in Frameworks */,
			);
			runOnlyForDeploymentPostprocessing = 0;
		};
/* End PBXFrameworksBuildPhase section */

/* Begin PBXGroup section */
		4936C50C2B75747400E19DAF /* Frameworks */ = {
			isa = PBXGroup;
			children = (
			);
			name = Frameworks;
			sourceTree = "<group>";
		};
		494DB5242B753E56009A9535 = {
			isa = PBXGroup;
			children = (
				4936C50C2B75747400E19DAF /* Frameworks */,
				494DB52E2B753E56009A9535 /* Products */,
				494DB53F2B75407E009A9535 /* shopper-ios-client */,
				494DB52F2B753E56009A9535 /* ThriftShopper */,
			);
			sourceTree = "<group>";
		};
		494DB52E2B753E56009A9535 /* Products */ = {
			isa = PBXGroup;
			children = (
				494DB52D2B753E56009A9535 /* ThriftShopper.app */,
			);
			name = Products;
			sourceTree = "<group>";
		};
		494DB52F2B753E56009A9535 /* ThriftShopper */ = {
			isa = PBXGroup;
			children = (
				4936C50F2B75753900E19DAF /* ThriftShopperApp.swift */,
				4919AC3D2B757193009B8B6E /* ThriftShopper.entitlements */,
				494DB5342B753E5A009A9535 /* Assets.xcassets */,
				498693BD2B7714B1001C7628 /* LaunchScreen.storyboard */,
				494DB5372B753E5A009A9535 /* Preview Content */,
			);
			path = ThriftShopper;
			sourceTree = "<group>";
		};
		494DB5372B753E5A009A9535 /* Preview Content */ = {
			isa = PBXGroup;
			children = (
				494DB5382B753E5A009A9535 /* Preview Assets.xcassets */,
			);
			path = "Preview Content";
			sourceTree = "<group>";
		};
/* End PBXGroup section */

/* Begin PBXNativeTarget section */
		494DB52C2B753E56009A9535 /* ThriftShopper */ = {
			isa = PBXNativeTarget;
			buildConfigurationList = 494DB53C2B753E5A009A9535 /* Build configuration list for PBXNativeTarget "ThriftShopper" */;
			buildPhases = (
				494DB5292B753E56009A9535 /* Sources */,
				494DB52A2B753E56009A9535 /* Frameworks */,
				494DB52B2B753E56009A9535 /* Resources */,
			);
			buildRules = (
			);
			dependencies = (
			);
			name = ThriftShopper;
			packageProductDependencies = (
				4936C50D2B75747400E19DAF /* App */,
				495177EA2B7B263000CA1301 /* Tagged */,
				495177EC2B7B263000CA1301 /* TaggedMoney */,
				495177EE2B7B263000CA1301 /* TaggedTime */,
				490A5CF52B81A6FF0081B19B /* ComposableArchitecture */,
			);
			productName = ThiftShopper;
			productReference = 494DB52D2B753E56009A9535 /* ThriftShopper.app */;
			productType = "com.apple.product-type.application";
		};
/* End PBXNativeTarget section */

/* Begin PBXProject section */
		494DB5252B753E56009A9535 /* Project object */ = {
			isa = PBXProject;
			attributes = {
				BuildIndependentTargetsInParallel = 1;
				LastSwiftUpdateCheck = 1420;
				LastUpgradeCheck = 1420;
				TargetAttributes = {
					494DB52C2B753E56009A9535 = {
						CreatedOnToolsVersion = 14.2;
					};
				};
			};
			buildConfigurationList = 494DB5282B753E56009A9535 /* Build configuration list for PBXProject "ThriftShopper" */;
			compatibilityVersion = "Xcode 14.0";
			developmentRegion = en;
			hasScannedForEncodings = 0;
			knownRegions = (
				en,
				Base,
			);
			mainGroup = 494DB5242B753E56009A9535;
			packageReferences = (
				495177E92B7B263000CA1301 /* XCRemoteSwiftPackageReference "swift-tagged" */,
				490A5CF22B818CE60081B19B /* XCRemoteSwiftPackageReference "swift-composable-architecture" */,
			);
			productRefGroup = 494DB52E2B753E56009A9535 /* Products */;
			projectDirPath = "";
			projectRoot = "";
			targets = (
				494DB52C2B753E56009A9535 /* ThriftShopper */,
			);
		};
/* End PBXProject section */

/* Begin PBXResourcesBuildPhase section */
		494DB52B2B753E56009A9535 /* Resources */ = {
			isa = PBXResourcesBuildPhase;
			buildActionMask = 2147483647;
			files = (
				498693BE2B7714B1001C7628 /* LaunchScreen.storyboard in Resources */,
				494DB5392B753E5A009A9535 /* Preview Assets.xcassets in Resources */,
				494DB5352B753E5A009A9535 /* Assets.xcassets in Resources */,
			);
			runOnlyForDeploymentPostprocessing = 0;
		};
/* End PBXResourcesBuildPhase section */

/* Begin PBXSourcesBuildPhase section */
		494DB5292B753E56009A9535 /* Sources */ = {
			isa = PBXSourcesBuildPhase;
			buildActionMask = 2147483647;
			files = (
				4936C5102B75753900E19DAF /* ThriftShopperApp.swift in Sources */,
			);
			runOnlyForDeploymentPostprocessing = 0;
		};
/* End PBXSourcesBuildPhase section */

/* Begin XCBuildConfiguration section */
		494DB53A2B753E5A009A9535 /* Debug */ = {
			isa = XCBuildConfiguration;
			buildSettings = {
				ALWAYS_SEARCH_USER_PATHS = NO;
				CLANG_ANALYZER_NONNULL = YES;
				CLANG_ANALYZER_NUMBER_OBJECT_CONVERSION = YES_AGGRESSIVE;
				CLANG_CXX_LANGUAGE_STANDARD = "gnu++20";
				CLANG_ENABLE_MODULES = YES;
				CLANG_ENABLE_OBJC_ARC = YES;
				CLANG_ENABLE_OBJC_WEAK = YES;
				CLANG_WARN_BLOCK_CAPTURE_AUTORELEASING = YES;
				CLANG_WARN_BOOL_CONVERSION = YES;
				CLANG_WARN_COMMA = YES;
				CLANG_WARN_CONSTANT_CONVERSION = YES;
				CLANG_WARN_DEPRECATED_OBJC_IMPLEMENTATIONS = YES;
				CLANG_WARN_DIRECT_OBJC_ISA_USAGE = YES_ERROR;
				CLANG_WARN_DOCUMENTATION_COMMENTS = YES;
				CLANG_WARN_EMPTY_BODY = YES;
				CLANG_WARN_ENUM_CONVERSION = YES;
				CLANG_WARN_INFINITE_RECURSION = YES;
				CLANG_WARN_INT_CONVERSION = YES;
				CLANG_WARN_NON_LITERAL_NULL_CONVERSION = YES;
				CLANG_WARN_OBJC_IMPLICIT_RETAIN_SELF = YES;
				CLANG_WARN_OBJC_LITERAL_CONVERSION = YES;
				CLANG_WARN_OBJC_ROOT_CLASS = YES_ERROR;
				CLANG_WARN_QUOTED_INCLUDE_IN_FRAMEWORK_HEADER = YES;
				CLANG_WARN_RANGE_LOOP_ANALYSIS = YES;
				CLANG_WARN_STRICT_PROTOTYPES = YES;
				CLANG_WARN_SUSPICIOUS_MOVE = YES;
				CLANG_WARN_UNGUARDED_AVAILABILITY = YES_AGGRESSIVE;
				CLANG_WARN_UNREACHABLE_CODE = YES;
				CLANG_WARN__DUPLICATE_METHOD_MATCH = YES;
				COPY_PHASE_STRIP = NO;
				DEBUG_INFORMATION_FORMAT = dwarf;
				ENABLE_STRICT_OBJC_MSGSEND = YES;
				ENABLE_TESTABILITY = YES;
				GCC_C_LANGUAGE_STANDARD = gnu11;
				GCC_DYNAMIC_NO_PIC = NO;
				GCC_NO_COMMON_BLOCKS = YES;
				GCC_OPTIMIZATION_LEVEL = 0;
				GCC_PREPROCESSOR_DEFINITIONS = (
					"DEBUG=1",
					"$(inherited)",
				);
				GCC_WARN_64_TO_32_BIT_CONVERSION = YES;
				GCC_WARN_ABOUT_RETURN_TYPE = YES_ERROR;
				GCC_WARN_UNDECLARED_SELECTOR = YES;
				GCC_WARN_UNINITIALIZED_AUTOS = YES_AGGRESSIVE;
				GCC_WARN_UNUSED_FUNCTION = YES;
				GCC_WARN_UNUSED_VARIABLE = YES;
				MTL_ENABLE_DEBUG_INFO = INCLUDE_SOURCE;
				MTL_FAST_MATH = YES;
				ONLY_ACTIVE_ARCH = YES;
				SWIFT_ACTIVE_COMPILATION_CONDITIONS = DEBUG;
				SWIFT_OPTIMIZATION_LEVEL = "-Onone";
			};
			name = Debug;
		};
		494DB53B2B753E5A009A9535 /* Release */ = {
			isa = XCBuildConfiguration;
			buildSettings = {
				ALWAYS_SEARCH_USER_PATHS = NO;
				CLANG_ANALYZER_NONNULL = YES;
				CLANG_ANALYZER_NUMBER_OBJECT_CONVERSION = YES_AGGRESSIVE;
				CLANG_CXX_LANGUAGE_STANDARD = "gnu++20";
				CLANG_ENABLE_MODULES = YES;
				CLANG_ENABLE_OBJC_ARC = YES;
				CLANG_ENABLE_OBJC_WEAK = YES;
				CLANG_WARN_BLOCK_CAPTURE_AUTORELEASING = YES;
				CLANG_WARN_BOOL_CONVERSION = YES;
				CLANG_WARN_COMMA = YES;
				CLANG_WARN_CONSTANT_CONVERSION = YES;
				CLANG_WARN_DEPRECATED_OBJC_IMPLEMENTATIONS = YES;
				CLANG_WARN_DIRECT_OBJC_ISA_USAGE = YES_ERROR;
				CLANG_WARN_DOCUMENTATION_COMMENTS = YES;
				CLANG_WARN_EMPTY_BODY = YES;
				CLANG_WARN_ENUM_CONVERSION = YES;
				CLANG_WARN_INFINITE_RECURSION = YES;
				CLANG_WARN_INT_CONVERSION = YES;
				CLANG_WARN_NON_LITERAL_NULL_CONVERSION = YES;
				CLANG_WARN_OBJC_IMPLICIT_RETAIN_SELF = YES;
				CLANG_WARN_OBJC_LITERAL_CONVERSION = YES;
				CLANG_WARN_OBJC_ROOT_CLASS = YES_ERROR;
				CLANG_WARN_QUOTED_INCLUDE_IN_FRAMEWORK_HEADER = YES;
				CLANG_WARN_RANGE_LOOP_ANALYSIS = YES;
				CLANG_WARN_STRICT_PROTOTYPES = YES;
				CLANG_WARN_SUSPICIOUS_MOVE = YES;
				CLANG_WARN_UNGUARDED_AVAILABILITY = YES_AGGRESSIVE;
				CLANG_WARN_UNREACHABLE_CODE = YES;
				CLANG_WARN__DUPLICATE_METHOD_MATCH = YES;
				COPY_PHASE_STRIP = NO;
				DEBUG_INFORMATION_FORMAT = "dwarf-with-dsym";
				ENABLE_NS_ASSERTIONS = NO;
				ENABLE_STRICT_OBJC_MSGSEND = YES;
				GCC_C_LANGUAGE_STANDARD = gnu11;
				GCC_NO_COMMON_BLOCKS = YES;
				GCC_WARN_64_TO_32_BIT_CONVERSION = YES;
				GCC_WARN_ABOUT_RETURN_TYPE = YES_ERROR;
				GCC_WARN_UNDECLARED_SELECTOR = YES;
				GCC_WARN_UNINITIALIZED_AUTOS = YES_AGGRESSIVE;
				GCC_WARN_UNUSED_FUNCTION = YES;
				GCC_WARN_UNUSED_VARIABLE = YES;
				MTL_ENABLE_DEBUG_INFO = NO;
				MTL_FAST_MATH = YES;
				SWIFT_COMPILATION_MODE = wholemodule;
				SWIFT_OPTIMIZATION_LEVEL = "-O";
			};
			name = Release;
		};
		494DB53D2B753E5A009A9535 /* Debug */ = {
			isa = XCBuildConfiguration;
			buildSettings = {
				ASSETCATALOG_COMPILER_APPICON_NAME = AppIcon;
				ASSETCATALOG_COMPILER_GLOBAL_ACCENT_COLOR_NAME = AccentColor;
				CODE_SIGN_ENTITLEMENTS = ThriftShopper/ThriftShopper.entitlements;
				CODE_SIGN_STYLE = Automatic;
				CURRENT_PROJECT_VERSION = 1;
				DEVELOPMENT_ASSET_PATHS = "\"ThriftShopper/Preview Content\"";
				DEVELOPMENT_TEAM = DR869849C7;
				ENABLE_HARDENED_RUNTIME = YES;
				ENABLE_PREVIEWS = YES;
				GENERATE_INFOPLIST_FILE = YES;
				"INFOPLIST_KEY_UIApplicationSceneManifest_Generation[sdk=iphoneos*]" = YES;
				"INFOPLIST_KEY_UIApplicationSceneManifest_Generation[sdk=iphonesimulator*]" = YES;
				"INFOPLIST_KEY_UIApplicationSupportsIndirectInputEvents[sdk=iphoneos*]" = YES;
				"INFOPLIST_KEY_UIApplicationSupportsIndirectInputEvents[sdk=iphonesimulator*]" = YES;
				"INFOPLIST_KEY_UILaunchScreen_Generation[sdk=iphoneos*]" = YES;
				"INFOPLIST_KEY_UILaunchScreen_Generation[sdk=iphonesimulator*]" = YES;
				INFOPLIST_KEY_UILaunchStoryboardName = LaunchScreen.storyboard;
				"INFOPLIST_KEY_UIStatusBarStyle[sdk=iphoneos*]" = UIStatusBarStyleDefault;
				"INFOPLIST_KEY_UIStatusBarStyle[sdk=iphonesimulator*]" = UIStatusBarStyleDefault;
				INFOPLIST_KEY_UISupportedInterfaceOrientations_iPad = "UIInterfaceOrientationPortrait UIInterfaceOrientationPortraitUpsideDown UIInterfaceOrientationLandscapeLeft UIInterfaceOrientationLandscapeRight";
				INFOPLIST_KEY_UISupportedInterfaceOrientations_iPhone = "UIInterfaceOrientationPortrait UIInterfaceOrientationLandscapeLeft UIInterfaceOrientationLandscapeRight";
				IPHONEOS_DEPLOYMENT_TARGET = 16.2;
				LD_RUNPATH_SEARCH_PATHS = "@executable_path/Frameworks";
				"LD_RUNPATH_SEARCH_PATHS[sdk=macosx*]" = "@executable_path/../Frameworks";
				MACOSX_DEPLOYMENT_TARGET = 12.7;
				MARKETING_VERSION = 1.0;
				PRODUCT_BUNDLE_IDENTIFIER = com.project.final.ThriftShopper;
				PRODUCT_NAME = "$(TARGET_NAME)";
				SDKROOT = auto;
				SUPPORTED_PLATFORMS = "iphoneos iphonesimulator macosx";
				SWIFT_EMIT_LOC_STRINGS = YES;
				SWIFT_VERSION = 5.0;
				TARGETED_DEVICE_FAMILY = "1,2";
			};
			name = Debug;
		};
		494DB53E2B753E5A009A9535 /* Release */ = {
			isa = XCBuildConfiguration;
			buildSettings = {
				ASSETCATALOG_COMPILER_APPICON_NAME = AppIcon;
				ASSETCATALOG_COMPILER_GLOBAL_ACCENT_COLOR_NAME = AccentColor;
				CODE_SIGN_ENTITLEMENTS = ThriftShopper/ThriftShopper.entitlements;
				CODE_SIGN_STYLE = Automatic;
				CURRENT_PROJECT_VERSION = 1;
				DEVELOPMENT_ASSET_PATHS = "\"ThriftShopper/Preview Content\"";
				DEVELOPMENT_TEAM = DR869849C7;
				ENABLE_HARDENED_RUNTIME = YES;
				ENABLE_PREVIEWS = YES;
				GENERATE_INFOPLIST_FILE = YES;
				"INFOPLIST_KEY_UIApplicationSceneManifest_Generation[sdk=iphoneos*]" = YES;
				"INFOPLIST_KEY_UIApplicationSceneManifest_Generation[sdk=iphonesimulator*]" = YES;
				"INFOPLIST_KEY_UIApplicationSupportsIndirectInputEvents[sdk=iphoneos*]" = YES;
				"INFOPLIST_KEY_UIApplicationSupportsIndirectInputEvents[sdk=iphonesimulator*]" = YES;
				"INFOPLIST_KEY_UILaunchScreen_Generation[sdk=iphoneos*]" = YES;
				"INFOPLIST_KEY_UILaunchScreen_Generation[sdk=iphonesimulator*]" = YES;
				INFOPLIST_KEY_UILaunchStoryboardName = LaunchScreen.storyboard;
				"INFOPLIST_KEY_UIStatusBarStyle[sdk=iphoneos*]" = UIStatusBarStyleDefault;
				"INFOPLIST_KEY_UIStatusBarStyle[sdk=iphonesimulator*]" = UIStatusBarStyleDefault;
				INFOPLIST_KEY_UISupportedInterfaceOrientations_iPad = "UIInterfaceOrientationPortrait UIInterfaceOrientationPortraitUpsideDown UIInterfaceOrientationLandscapeLeft UIInterfaceOrientationLandscapeRight";
				INFOPLIST_KEY_UISupportedInterfaceOrientations_iPhone = "UIInterfaceOrientationPortrait UIInterfaceOrientationLandscapeLeft UIInterfaceOrientationLandscapeRight";
				IPHONEOS_DEPLOYMENT_TARGET = 16.2;
				LD_RUNPATH_SEARCH_PATHS = "@executable_path/Frameworks";
				"LD_RUNPATH_SEARCH_PATHS[sdk=macosx*]" = "@executable_path/../Frameworks";
				MACOSX_DEPLOYMENT_TARGET = 12.7;
				MARKETING_VERSION = 1.0;
				PRODUCT_BUNDLE_IDENTIFIER = com.project.final.ThriftShopper;
				PRODUCT_NAME = "$(TARGET_NAME)";
				SDKROOT = auto;
				SUPPORTED_PLATFORMS = "iphoneos iphonesimulator macosx";
				SWIFT_EMIT_LOC_STRINGS = YES;
				SWIFT_VERSION = 5.0;
				TARGETED_DEVICE_FAMILY = "1,2";
			};
			name = Release;
		};
/* End XCBuildConfiguration section */

/* Begin XCConfigurationList section */
		494DB5282B753E56009A9535 /* Build configuration list for PBXProject "ThriftShopper" */ = {
			isa = XCConfigurationList;
			buildConfigurations = (
				494DB53A2B753E5A009A9535 /* Debug */,
				494DB53B2B753E5A009A9535 /* Release */,
			);
			defaultConfigurationIsVisible = 0;
			defaultConfigurationName = Release;
		};
		494DB53C2B753E5A009A9535 /* Build configuration list for PBXNativeTarget "ThriftShopper" */ = {
			isa = XCConfigurationList;
			buildConfigurations = (
				494DB53D2B753E5A009A9535 /* Debug */,
				494DB53E2B753E5A009A9535 /* Release */,
			);
			defaultConfigurationIsVisible = 0;
			defaultConfigurationName = Release;
		};
/* End XCConfigurationList section */

/* Begin XCRemoteSwiftPackageReference section */
		490A5CF22B818CE60081B19B /* XCRemoteSwiftPackageReference "swift-composable-architecture" */ = {
			isa = XCRemoteSwiftPackageReference;
			repositoryURL = "https://github.com/pointfreeco/swift-composable-architecture";
			requirement = {
				branch = main;
				kind = branch;
			};
		};
		495177E92B7B263000CA1301 /* XCRemoteSwiftPackageReference "swift-tagged" */ = {
			isa = XCRemoteSwiftPackageReference;
			repositoryURL = "https://github.com/pointfreeco/swift-tagged.git";
			requirement = {
				branch = main;
				kind = branch;
			};
		};
/* End XCRemoteSwiftPackageReference section */

/* Begin XCSwiftPackageProductDependency section */
		490A5CF52B81A6FF0081B19B /* ComposableArchitecture */ = {
			isa = XCSwiftPackageProductDependency;
			package = 490A5CF22B818CE60081B19B /* XCRemoteSwiftPackageReference "swift-composable-architecture" */;
			productName = ComposableArchitecture;
		};
		4936C50D2B75747400E19DAF /* App */ = {
			isa = XCSwiftPackageProductDependency;
			productName = App;
		};
		495177EA2B7B263000CA1301 /* Tagged */ = {
			isa = XCSwiftPackageProductDependency;
			package = 495177E92B7B263000CA1301 /* XCRemoteSwiftPackageReference "swift-tagged" */;
			productName = Tagged;
		};
		495177EC2B7B263000CA1301 /* TaggedMoney */ = {
			isa = XCSwiftPackageProductDependency;
			package = 495177E92B7B263000CA1301 /* XCRemoteSwiftPackageReference "swift-tagged" */;
			productName = TaggedMoney;
		};
		495177EE2B7B263000CA1301 /* TaggedTime */ = {
			isa = XCSwiftPackageProductDependency;
			package = 495177E92B7B263000CA1301 /* XCRemoteSwiftPackageReference "swift-tagged" */;
			productName = TaggedTime;
		};
/* End XCSwiftPackageProductDependency section */
	};
	rootObject = 494DB5252B753E56009A9535 /* Project object */;
}
